
Microsoft Visual Studio Solution File, Format Version 12.00
# Visual Studio Version 17
VisualStudioVersion = 17.10.35004.147
MinimumVisualStudioVersion = 10.0.40219.1
Project("{8BC9CEB8-8B4A-11D0-8D11-00A0C91BC942}") = "CPP_TINHMENHGIA", "CPP_TINHMENHGIA\CPP_TINHMENHGIA.vcxproj", "{5CF350C7-1A90-41C6-AD1E-B531C82432DB}"
EndProject
Global
	GlobalSection(SolutionConfigurationPlatforms) = preSolution
		Debug|x64 = Debug|x64
		Debug|x86 = Debug|x86
		Release|x64 = Release|x64
		Release|x86 = Release|x86
	EndGlobalSection
	GlobalSection(ProjectConfigurationPlatforms) = postSolution
		{5CF350C7-1A90-41C6-AD1E-B531C82432DB}.Debug|x64.ActiveCfg = Debug|x64
		{5CF350C7-1A90-41C6-AD1E-B531C82432DB}.Debug|x64.Build.0 = Debug|x64
		{5CF350C7-1A90-41C6-AD1E-B531C82432DB}.Debug|x86.ActiveCfg = Debug|Win32
		{5CF350C7-1A90-41C6-AD1E-B531C82432DB}.Debug|x86.Build.0 = Debug|Win32
		{5CF350C7-1A90-41C6-AD1E-B531C82432DB}.Release|x64.ActiveCfg = Release|x64
		{5CF350C7-1A90-41C6-AD1E-B531C82432DB}.Release|x64.Build.0 = Release|x64
		{5CF350C7-1A90-41C6-AD1E-B531C82432DB}.Release|x86.ActiveCfg = Release|Win32
		{5CF350C7-1A90-41C6-AD1E-B531C82432DB}.Release|x86.Build.0 = Release|Win32
	EndGlobalSection
	GlobalSection(SolutionProperties) = preSolution
		HideSolutionNode = FALSE
	EndGlobalSection
	GlobalSection(ExtensibilityGlobals) = postSolution
		SolutionGuid = {9EC818B6-1E62-4E38-B749-C91120502C0F}
	EndGlobalSection
EndGlobal
